
Microsoft Visual Studio Solution File, Format Version 12.00
# Visual Studio Version 16
VisualStudioVersion = 16.0.29424.173
MinimumVisualStudioVersion = 10.0.40219.1
Project("{FAE04EC0-301F-11D3-BF4B-00C04F79EFBC}") = "Titan-Lite-WebApi", "Titan-Lite-WebApi\Titan-Lite-WebApi.csproj", "{4A925FA4-991A-40EC-806C-83180BEE4FE2}"
EndProject
Project("{E53339B2-1760-4266-BCC7-CA923CBCF16C}") = "docker-compose", "docker-compose.dcproj", "{677FCDD2-E84D-4655-AFFF-C6B3C5D1F804}"
EndProject
Global
	GlobalSection(SolutionConfigurationPlatforms) = preSolution
		Debug|Any CPU = Debug|Any CPU
		Release|Any CPU = Release|Any CPU
	EndGlobalSection
	GlobalSection(ProjectConfigurationPlatforms) = postSolution
		{4A925FA4-991A-40EC-806C-83180BEE4FE2}.Debug|Any CPU.ActiveCfg = Debug|Any CPU
		{4A925FA4-991A-40EC-806C-83180BEE4FE2}.Debug|Any CPU.Build.0 = Debug|Any CPU
		{4A925FA4-991A-40EC-806C-83180BEE4FE2}.Release|Any CPU.ActiveCfg = Release|Any CPU
		{4A925FA4-991A-40EC-806C-83180BEE4FE2}.Release|Any CPU.Build.0 = Release|Any CPU
		{677FCDD2-E84D-4655-AFFF-C6B3C5D1F804}.Debug|Any CPU.ActiveCfg = Debug|Any CPU
		{677FCDD2-E84D-4655-AFFF-C6B3C5D1F804}.Debug|Any CPU.Build.0 = Debug|Any CPU
		{677FCDD2-E84D-4655-AFFF-C6B3C5D1F804}.Release|Any CPU.ActiveCfg = Release|Any CPU
		{677FCDD2-E84D-4655-AFFF-C6B3C5D1F804}.Release|Any CPU.Build.0 = Release|Any CPU
	EndGlobalSection
	GlobalSection(SolutionProperties) = preSolution
		HideSolutionNode = FALSE
	EndGlobalSection
	GlobalSection(ExtensibilityGlobals) = postSolution
		SolutionGuid = {C8A4AB2F-69F8-40A7-8791-521CC18B8C61}
	EndGlobalSection
EndGlobal
